<?xml version="1.0" encoding="utf-8"?>
<Project ToolsVersion="4.0" xmlns="http://schemas.microsoft.com/developer/msbuild/2003">
  <ItemGroup>
    <Filter Include="Source Files">
      <UniqueIdentifier>{4FC737F1-C7A5-4376-A066-2A32D752A2FF}</UniqueIdentifier>
      <Extensions>cpp;c;cc;cxx;def;odl;idl;hpj;bat;asm;asmx</Extensions>
    </Filter>
    <Filter Include="Header Files">
      <UniqueIdentifier>{93995380-89BD-4b04-88EB-625FBE52EBFB}</UniqueIdentifier>
      <Extensions>h;hpp;hxx;hm;inl;inc;xsd</Extensions>
    </Filter>
    <Filter Include="Resource Files">
      <UniqueIdentifier>{67DA6AB6-F800-4c08-8B7A-83BB121AAD01}</UniqueIdentifier>
      <Extensions>rc;ico;cur;bmp;dlg;rc2;rct;bin;rgs;gif;jpg;jpeg;jpe;resx;tiff;tif;png;wav;mfcribbon-ms</Extensions>
    </Filter>
    <Filter Include="common">
      <UniqueIdentifier>{7c71bb79-5122-4954-b65c-2d1b12f4148b}</UniqueIdentifier>
    </Filter>
  </ItemGroup>
  <ItemGroup>
    <ClInclude Include="masternoodles.h">
      <Filter>Header Files</Filter>
    </ClInclude>
    <ClInclude Include="platformer.h">
      <Filter>Header Files</Filter>
    </ClInclude>
    <ClInclude Include="resource.h">
      <Filter>Header Files</Filter>
    </ClInclude>
  </ItemGroup>
  <ItemGroup>
    <ClCompile Include="platformer.cpp">
      <Filter>Source Files</Filter>
    </ClCompile>
    <ClCompile Include="main.cpp">
      <Filter>Source Files</Filter>
    </ClCompile>
  </ItemGroup>
  <ItemGroup>
    <None Include="common\postDefaultV.glsl">
      <Filter>common</Filter>
    </None>
    <None Include="common\clouds.png">
      <Filter>common</Filter>
    </None>
    <None Include="common\postDefaultF.glsl">
      <Filter>common</Filter>
    </None>
    <None Include="common\tilemap.png">
      <Filter>common</Filter>
    </None>
    <None Include="icon1.ico">
      <Filter>Resource Files</Filter>
    </None>
    <None Include="common\map01.smp">
      <Filter>common</Filter>
    </None>
    <None Include="common\map01.bmd">
      <Filter>common</Filter>
    </None>
    <None Include="common\productionfrag.glsl">
      <Filter>common</Filter>
    </None>
    <None Include="configuration.ini" />
    <None Include="common\tile.frag">
      <Filter>common</Filter>
    </None>
    <None Include="common\tile.vert">
      <Filter>common</Filter>
    </None>
    <None Include="common\charmap.png">
      <Filter>common</Filter>
    </None>
    <None Include="common\loading.png">
      <Filter>common</Filter>
    </None>
    <None Include="common\title.png">
      <Filter>common</Filter>
    </None>
    <None Include="common\init.lua">
      <Filter>common</Filter>
    </None>
    <None Include="common\gameover.png">
      <Filter>common</Filter>
    </None>
    <None Include="common\map01.lua">
      <Filter>common</Filter>
    </None>
    <None Include="common\gaussianBlur.frag">
      <Filter>common</Filter>
    </None>
  </ItemGroup>
  <ItemGroup>
    <ResourceCompile Include="neo.rc">
      <Filter>Resource Files</Filter>
    </ResourceCompile>
  </ItemGroup>
</Project>