<?xml version="1.0" encoding="utf-8"?>
<Project ToolsVersion="4.0" xmlns="http://schemas.microsoft.com/developer/msbuild/2003">
  <ItemGroup>
    <Filter Include="Source Files">
      <UniqueIdentifier>{4FC737F1-C7A5-4376-A066-2A32D752A2FF}</UniqueIdentifier>
      <Extensions>cpp;c;cc;cxx;def;odl;idl;hpj;bat;asm;asmx</Extensions>
    </Filter>
    <Filter Include="Header Files">
      <UniqueIdentifier>{93995380-89BD-4b04-88EB-625FBE52EBFB}</UniqueIdentifier>
      <Extensions>h;hpp;hxx;hm;inl;inc;xsd</Extensions>
    </Filter>
    <Filter Include="Resource Files">
      <UniqueIdentifier>{67DA6AB6-F800-4c08-8B7A-83BB121AAD01}</UniqueIdentifier>
      <Extensions>rc;ico;cur;bmp;dlg;rc2;rct;bin;rgs;gif;jpg;jpeg;jpe;resx;tiff;tif;png;wav;mfcribbon-ms</Extensions>
    </Filter>
    <Filter Include="common">
      <UniqueIdentifier>{5bb6b46f-37a9-4394-b311-f8333695c18e}</UniqueIdentifier>
    </Filter>
  </ItemGroup>
  <ItemGroup>
    <None Include="common\postDefaultF.glsl">
      <Filter>common</Filter>
    </None>
    <None Include="common\postDefaultV.glsl">
      <Filter>common</Filter>
    </None>
    <None Include="icon1.ico">
      <Filter>Resource Files</Filter>
    </None>
    <None Include="common\modelDefaultF.glsl">
      <Filter>common</Filter>
    </None>
    <None Include="common\modelDefaultV.glsl">
      <Filter>common</Filter>
    </None>
    <None Include="common\UI_charmap_s1.png">
      <Filter>common</Filter>
    </None>
    <None Include="common\test.png">
      <Filter>common</Filter>
    </None>
    <None Include="model.ms3d" />
    <None Include="..\kami\info_blue.png">
      <Filter>Resource Files</Filter>
    </None>
    <None Include="common\glory.png">
      <Filter>common</Filter>
    </None>
    <None Include="common\gaussianBlur.frag">
      <Filter>common</Filter>
    </None>
    <None Include="common\particleRandom.vert">
      <Filter>common</Filter>
    </None>
  </ItemGroup>
  <ItemGroup>
    <ClCompile Include="test01.cpp">
      <Filter>Source Files</Filter>
    </ClCompile>
    <ClCompile Include="particles.cpp">
      <Filter>Source Files</Filter>
    </ClCompile>
  </ItemGroup>
  <ItemGroup>
    <ClInclude Include="resource.h">
      <Filter>Header Files</Filter>
    </ClInclude>
    <ClInclude Include="particles.h">
      <Filter>Header Files</Filter>
    </ClInclude>
  </ItemGroup>
  <ItemGroup>
    <ResourceCompile Include="test01.rc">
      <Filter>Resource Files</Filter>
    </ResourceCompile>
  </ItemGroup>
</Project>